
Microsoft Visual Studio Solution File, Format Version 12.00
# Visual Studio Version 16
VisualStudioVersion = 16.0.30011.22
MinimumVisualStudioVersion = 10.0.40219.1
Project("{FAE04EC0-301F-11D3-BF4B-00C04F79EFBC}") = "TestApp", "TestApp\TestApp.csproj", "{5FF53A6F-ACB0-4518-BE9B-6243E1F12581}"
EndProject
Global
	GlobalSection(SolutionConfigurationPlatforms) = preSolution
		Debug|Any CPU = Debug|Any CPU
		Release|Any CPU = Release|Any CPU
	EndGlobalSection
	GlobalSection(ProjectConfigurationPlatforms) = postSolution
		{5FF53A6F-ACB0-4518-BE9B-6243E1F12581}.Debug|Any CPU.ActiveCfg = Debug|Any CPU
		{5FF53A6F-ACB0-4518-BE9B-6243E1F12581}.Debug|Any CPU.Build.0 = Debug|Any CPU
		{5FF53A6F-ACB0-4518-BE9B-6243E1F12581}.Release|Any CPU.ActiveCfg = Release|Any CPU
		{5FF53A6F-ACB0-4518-BE9B-6243E1F12581}.Release|Any CPU.Build.0 = Release|Any CPU
	EndGlobalSection
	GlobalSection(SolutionProperties) = preSolution
		HideSolutionNode = FALSE
	EndGlobalSection
	GlobalSection(ExtensibilityGlobals) = postSolution
		SolutionGuid = {CBD8EA0B-DC62-4589-A79C-B6A74CFD57E5}
	EndGlobalSection
EndGlobal
